
Microsoft Visual Studio Solution File, Format Version 12.00
# Visual Studio Version 16
VisualStudioVersion = 16.0.30309.148
MinimumVisualStudioVersion = 10.0.40219.1
Project("{FAE04EC0-301F-11D3-BF4B-00C04F79EFBC}") = "netcore_api_example", "netcore_api_example.csproj", "{B424FCD5-3ED1-4E6C-88F1-A40175DE1A5B}"
EndProject
Global
	GlobalSection(SolutionConfigurationPlatforms) = preSolution
		Debug|Any CPU = Debug|Any CPU
		Release|Any CPU = Release|Any CPU
	EndGlobalSection
	GlobalSection(ProjectConfigurationPlatforms) = postSolution
		{B424FCD5-3ED1-4E6C-88F1-A40175DE1A5B}.Debug|Any CPU.ActiveCfg = Debug|Any CPU
		{B424FCD5-3ED1-4E6C-88F1-A40175DE1A5B}.Debug|Any CPU.Build.0 = Debug|Any CPU
		{B424FCD5-3ED1-4E6C-88F1-A40175DE1A5B}.Release|Any CPU.ActiveCfg = Release|Any CPU
		{B424FCD5-3ED1-4E6C-88F1-A40175DE1A5B}.Release|Any CPU.Build.0 = Release|Any CPU
	EndGlobalSection
	GlobalSection(SolutionProperties) = preSolution
		HideSolutionNode = FALSE
	EndGlobalSection
	GlobalSection(ExtensibilityGlobals) = postSolution
		SolutionGuid = {3785790D-AAAD-45C8-85FC-CFDFF725D92D}
	EndGlobalSection
EndGlobal
